
Microsoft Visual Studio Solution File, Format Version 12.00
# Visual Studio 15
VisualStudioVersion = 15.0.28307.539
MinimumVisualStudioVersion = 10.0.40219.1
Project("{9A19103F-16F7-4668-BE54-9A1E7A4F7556}") = "divisible", "divisible\divisible.csproj", "{120EE40E-10BA-4DFE-9D58-EDECE59B0D8A}"
EndProject
Project("{FAE04EC0-301F-11D3-BF4B-00C04F79EFBC}") = "test", "test\test.csproj", "{CD45C932-3C48-420B-8A9C-9F9B9DCF4928}"
EndProject
Global
	GlobalSection(SolutionConfigurationPlatforms) = preSolution
		Debug|Any CPU = Debug|Any CPU
		Release|Any CPU = Release|Any CPU
	EndGlobalSection
	GlobalSection(ProjectConfigurationPlatforms) = postSolution
		{120EE40E-10BA-4DFE-9D58-EDECE59B0D8A}.Debug|Any CPU.ActiveCfg = Debug|Any CPU
		{120EE40E-10BA-4DFE-9D58-EDECE59B0D8A}.Debug|Any CPU.Build.0 = Debug|Any CPU
		{120EE40E-10BA-4DFE-9D58-EDECE59B0D8A}.Release|Any CPU.ActiveCfg = Release|Any CPU
		{120EE40E-10BA-4DFE-9D58-EDECE59B0D8A}.Release|Any CPU.Build.0 = Release|Any CPU
		{CD45C932-3C48-420B-8A9C-9F9B9DCF4928}.Debug|Any CPU.ActiveCfg = Debug|Any CPU
		{CD45C932-3C48-420B-8A9C-9F9B9DCF4928}.Debug|Any CPU.Build.0 = Debug|Any CPU
		{CD45C932-3C48-420B-8A9C-9F9B9DCF4928}.Release|Any CPU.ActiveCfg = Release|Any CPU
		{CD45C932-3C48-420B-8A9C-9F9B9DCF4928}.Release|Any CPU.Build.0 = Release|Any CPU
	EndGlobalSection
	GlobalSection(SolutionProperties) = preSolution
		HideSolutionNode = FALSE
	EndGlobalSection
	GlobalSection(ExtensibilityGlobals) = postSolution
		SolutionGuid = {997E3379-1986-4BA9-8A12-DECAE9E2F169}
	EndGlobalSection
EndGlobal
